// !$*UTF8*$!
{
	archiveVersion = 1;
	classes = {
	};
	objectVersion = 46;
	objects = {

/* Begin PBXBuildFile section */
		7B7B7D2A1DC0DEC7001FD2C4 /* AppDelegate.swift in Sources */ = {isa = PBXBuildFile; fileRef = 7B7B7D291DC0DEC7001FD2C4 /* AppDelegate.swift */; };
		7B7B7D2C1DC0DEC7001FD2C4 /* ViewController.swift in Sources */ = {isa = PBXBuildFile; fileRef = 7B7B7D2B1DC0DEC7001FD2C4 /* ViewController.swift */; };
		7B7B7D2F1DC0DEC7001FD2C4 /* Main.storyboard in Resources */ = {isa = PBXBuildFile; fileRef = 7B7B7D2D1DC0DEC7001FD2C4 /* Main.storyboard */; };
		7B7B7D311DC0DEC7001FD2C4 /* Assets.xcassets in Resources */ = {isa = PBXBuildFile; fileRef = 7B7B7D301DC0DEC7001FD2C4 /* Assets.xcassets */; };
		7B7B7D341DC0DEC7001FD2C4 /* LaunchScreen.storyboard in Resources */ = {isa = PBXBuildFile; fileRef = 7B7B7D321DC0DEC7001FD2C4 /* LaunchScreen.storyboard */; };
		7B7B7D3F1DC0DEC8001FD2C4 /* YWCycleViewDemoTests.swift in Sources */ = {isa = PBXBuildFile; fileRef = 7B7B7D3E1DC0DEC8001FD2C4 /* YWCycleViewDemoTests.swift */; };
		7B7B7D4A1DC0DEC8001FD2C4 /* YWCycleViewDemoUITests.swift in Sources */ = {isa = PBXBuildFile; fileRef = 7B7B7D491DC0DEC8001FD2C4 /* YWCycleViewDemoUITests.swift */; };
		7B7B7D5B1DC0DEE4001FD2C4 /* YWCycleModel.swift in Sources */ = {isa = PBXBuildFile; fileRef = 7B7B7D581DC0DEE4001FD2C4 /* YWCycleModel.swift */; };
		7B7B7D5C1DC0DEE4001FD2C4 /* YWCycleView.swift in Sources */ = {isa = PBXBuildFile; fileRef = 7B7B7D591DC0DEE4001FD2C4 /* YWCycleView.swift */; };
		7B7B7D5D1DC0DEE4001FD2C4 /* YWCycleViewCell.swift in Sources */ = {isa = PBXBuildFile; fileRef = 7B7B7D5A1DC0DEE4001FD2C4 /* YWCycleViewCell.swift */; };
		7B7B7D7B1DC104B2001FD2C4 /* YWCycleViewBundle.bundle in Resources */ = {isa = PBXBuildFile; fileRef = 7B7B7D7A1DC104B2001FD2C4 /* YWCycleViewBundle.bundle */; };
		F6AF2AA54F234B07D95C5DAE /* Pods_YWCycleViewDemo.framework in Frameworks */ = {isa = PBXBuildFile; fileRef = 0C0EDDADB3BF19B11518541B /* Pods_YWCycleViewDemo.framework */; };
/* End PBXBuildFile section */

/* Begin PBXContainerItemProxy section */
		7B7B7D3B1DC0DEC8001FD2C4 /* PBXContainerItemProxy */ = {
			isa = PBXContainerItemProxy;
			containerPortal = 7B7B7D1E1DC0DEC7001FD2C4 /* Project object */;
			proxyType = 1;
			remoteGlobalIDString = 7B7B7D251DC0DEC7001FD2C4;
			remoteInfo = YWCycleViewDemo;
		};
		7B7B7D461DC0DEC8001FD2C4 /* PBXContainerItemProxy */ = {
			isa = PBXContainerItemProxy;
			containerPortal = 7B7B7D1E1DC0DEC7001FD2C4 /* Project object */;
			proxyType = 1;
			remoteGlobalIDString = 7B7B7D251DC0DEC7001FD2C4;
			remoteInfo = YWCycleViewDemo;
		};
/* End PBXContainerItemProxy section */

/* Begin PBXFileReference section */
		0C0EDDADB3BF19B11518541B /* Pods_YWCycleViewDemo.framework */ = {isa = PBXFileReference; explicitFileType = wrapper.framework; includeInIndex = 0; path = Pods_YWCycleViewDemo.framework; sourceTree = BUILT_PRODUCTS_DIR; };
		795D396EC0A079A740E9D9F0 /* Pods-YWCycleViewDemo.release.xcconfig */ = {isa = PBXFileReference; includeInIndex = 1; lastKnownFileType = text.xcconfig; name = "Pods-YWCycleViewDemo.release.xcconfig"; path = "Pods/Target Support Files/Pods-YWCycleViewDemo/Pods-YWCycleViewDemo.release.xcconfig"; sourceTree = "<group>"; };
		7B7B7D261DC0DEC7001FD2C4 /* YWCycleViewDemo.app */ = {isa = PBXFileReference; explicitFileType = wrapper.application; includeInIndex = 0; path = YWCycleViewDemo.app; sourceTree = BUILT_PRODUCTS_DIR; };
		7B7B7D291DC0DEC7001FD2C4 /* AppDelegate.swift */ = {isa = PBXFileReference; lastKnownFileType = sourcecode.swift; path = AppDelegate.swift; sourceTree = "<group>"; };
		7B7B7D2B1DC0DEC7001FD2C4 /* ViewController.swift */ = {isa = PBXFileReference; lastKnownFileType = sourcecode.swift; path = ViewController.swift; sourceTree = "<group>"; };
		7B7B7D2E1DC0DEC7001FD2C4 /* Base */ = {isa = PBXFileReference; lastKnownFileType = file.storyboard; name = Base; path = Base.lproj/Main.storyboard; sourceTree = "<group>"; };
		7B7B7D301DC0DEC7001FD2C4 /* Assets.xcassets */ = {isa = PBXFileReference; lastKnownFileType = folder.assetcatalog; path = Assets.xcassets; sourceTree = "<group>"; };
		7B7B7D331DC0DEC7001FD2C4 /* Base */ = {isa = PBXFileReference; lastKnownFileType = file.storyboard; name = Base; path = Base.lproj/LaunchScreen.storyboard; sourceTree = "<group>"; };
		7B7B7D351DC0DEC7001FD2C4 /* Info.plist */ = {isa = PBXFileReference; lastKnownFileType = text.plist.xml; path = Info.plist; sourceTree = "<group>"; };
		7B7B7D3A1DC0DEC8001FD2C4 /* YWCycleViewDemoTests.xctest */ = {isa = PBXFileReference; explicitFileType = wrapper.cfbundle; includeInIndex = 0; path = YWCycleViewDemoTests.xctest; sourceTree = BUILT_PRODUCTS_DIR; };
		7B7B7D3E1DC0DEC8001FD2C4 /* YWCycleViewDemoTests.swift */ = {isa = PBXFileReference; lastKnownFileType = sourcecode.swift; path = YWCycleViewDemoTests.swift; sourceTree = "<group>"; };
		7B7B7D401DC0DEC8001FD2C4 /* Info.plist */ = {isa = PBXFileReference; lastKnownFileType = text.plist.xml; path = Info.plist; sourceTree = "<group>"; };
		7B7B7D451DC0DEC8001FD2C4 /* YWCycleViewDemoUITests.xctest */ = {isa = PBXFileReference; explicitFileType = wrapper.cfbundle; includeInIndex = 0; path = YWCycleViewDemoUITests.xctest; sourceTree = BUILT_PRODUCTS_DIR; };
		7B7B7D491DC0DEC8001FD2C4 /* YWCycleViewDemoUITests.swift */ = {isa = PBXFileReference; lastKnownFileType = sourcecode.swift; path = YWCycleViewDemoUITests.swift; sourceTree = "<group>"; };
		7B7B7D4B1DC0DEC8001FD2C4 /* Info.plist */ = {isa = PBXFileReference; lastKnownFileType = text.plist.xml; path = Info.plist; sourceTree = "<group>"; };
		7B7B7D581DC0DEE4001FD2C4 /* YWCycleModel.swift */ = {isa = PBXFileReference; fileEncoding = 4; lastKnownFileType = sourcecode.swift; path = YWCycleModel.swift; sourceTree = "<group>"; };
		7B7B7D591DC0DEE4001FD2C4 /* YWCycleView.swift */ = {isa = PBXFileReference; fileEncoding = 4; lastKnownFileType = sourcecode.swift; path = YWCycleView.swift; sourceTree = "<group>"; };
		7B7B7D5A1DC0DEE4001FD2C4 /* YWCycleViewCell.swift */ = {isa = PBXFileReference; fileEncoding = 4; lastKnownFileType = sourcecode.swift; path = YWCycleViewCell.swift; sourceTree = "<group>"; };
		7B7B7D7A1DC104B2001FD2C4 /* YWCycleViewBundle.bundle */ = {isa = PBXFileReference; lastKnownFileType = "wrapper.plug-in"; path = YWCycleViewBundle.bundle; sourceTree = "<group>"; };
		DB6FE1D5201BB64C4791FE97 /* Pods-YWCycleViewDemo.debug.xcconfig */ = {isa = PBXFileReference; includeInIndex = 1; lastKnownFileType = text.xcconfig; name = "Pods-YWCycleViewDemo.debug.xcconfig"; path = "Pods/Target Support Files/Pods-YWCycleViewDemo/Pods-YWCycleViewDemo.debug.xcconfig"; sourceTree = "<group>"; };
/* End PBXFileReference section */

/* Begin PBXFrameworksBuildPhase section */
		7B7B7D231DC0DEC7001FD2C4 /* Frameworks */ = {
			isa = PBXFrameworksBuildPhase;
			buildActionMask = 2147483647;
			files = (
				F6AF2AA54F234B07D95C5DAE /* Pods_YWCycleViewDemo.framework in Frameworks */,
			);
			runOnlyForDeploymentPostprocessing = 0;
		};
		7B7B7D371DC0DEC8001FD2C4 /* Frameworks */ = {
			isa = PBXFrameworksBuildPhase;
			buildActionMask = 2147483647;
			files = (
			);
			runOnlyForDeploymentPostprocessing = 0;
		};
		7B7B7D421DC0DEC8001FD2C4 /* Frameworks */ = {
			isa = PBXFrameworksBuildPhase;
			buildActionMask = 2147483647;
			files = (
			);
			runOnlyForDeploymentPostprocessing = 0;
		};
/* End PBXFrameworksBuildPhase section */

/* Begin PBXGroup section */
		15996F2ACCBD32483100F74A /* Pods */ = {
			isa = PBXGroup;
			children = (
				DB6FE1D5201BB64C4791FE97 /* Pods-YWCycleViewDemo.debug.xcconfig */,
				795D396EC0A079A740E9D9F0 /* Pods-YWCycleViewDemo.release.xcconfig */,
			);
			name = Pods;
			sourceTree = "<group>";
		};
		7B7B7D1D1DC0DEC7001FD2C4 = {
			isa = PBXGroup;
			children = (
				7B7B7D571DC0DEE4001FD2C4 /* YWCycleView(轮播) */,
				7B7B7D281DC0DEC7001FD2C4 /* YWCycleViewDemo */,
				7B7B7D3D1DC0DEC8001FD2C4 /* YWCycleViewDemoTests */,
				7B7B7D481DC0DEC8001FD2C4 /* YWCycleViewDemoUITests */,
				7B7B7D271DC0DEC7001FD2C4 /* Products */,
				15996F2ACCBD32483100F74A /* Pods */,
				F519E4CC1BA58B65512D04E4 /* Frameworks */,
			);
			sourceTree = "<group>";
		};
		7B7B7D271DC0DEC7001FD2C4 /* Products */ = {
			isa = PBXGroup;
			children = (
				7B7B7D261DC0DEC7001FD2C4 /* YWCycleViewDemo.app */,
				7B7B7D3A1DC0DEC8001FD2C4 /* YWCycleViewDemoTests.xctest */,
				7B7B7D451DC0DEC8001FD2C4 /* YWCycleViewDemoUITests.xctest */,
			);
			name = Products;
			sourceTree = "<group>";
		};
		7B7B7D281DC0DEC7001FD2C4 /* YWCycleViewDemo */ = {
			isa = PBXGroup;
			children = (
				7B7B7D291DC0DEC7001FD2C4 /* AppDelegate.swift */,
				7B7B7D2B1DC0DEC7001FD2C4 /* ViewController.swift */,
				7B7B7D301DC0DEC7001FD2C4 /* Assets.xcassets */,
				7B7B7D2D1DC0DEC7001FD2C4 /* Main.storyboard */,
				7B7B7D321DC0DEC7001FD2C4 /* LaunchScreen.storyboard */,
				7B7B7D351DC0DEC7001FD2C4 /* Info.plist */,
			);
			path = YWCycleViewDemo;
			sourceTree = "<group>";
		};
		7B7B7D3D1DC0DEC8001FD2C4 /* YWCycleViewDemoTests */ = {
			isa = PBXGroup;
			children = (
				7B7B7D3E1DC0DEC8001FD2C4 /* YWCycleViewDemoTests.swift */,
				7B7B7D401DC0DEC8001FD2C4 /* Info.plist */,
			);
			path = YWCycleViewDemoTests;
			sourceTree = "<group>";
		};
		7B7B7D481DC0DEC8001FD2C4 /* YWCycleViewDemoUITests */ = {
			isa = PBXGroup;
			children = (
				7B7B7D491DC0DEC8001FD2C4 /* YWCycleViewDemoUITests.swift */,
				7B7B7D4B1DC0DEC8001FD2C4 /* Info.plist */,
			);
			path = YWCycleViewDemoUITests;
			sourceTree = "<group>";
		};
		7B7B7D571DC0DEE4001FD2C4 /* YWCycleView(轮播) */ = {
			isa = PBXGroup;
			children = (
				7B7B7D7A1DC104B2001FD2C4 /* YWCycleViewBundle.bundle */,
				7B7B7D581DC0DEE4001FD2C4 /* YWCycleModel.swift */,
				7B7B7D591DC0DEE4001FD2C4 /* YWCycleView.swift */,
				7B7B7D5A1DC0DEE4001FD2C4 /* YWCycleViewCell.swift */,
			);
			path = "YWCycleView(轮播)";
			sourceTree = "<group>";
		};
		F519E4CC1BA58B65512D04E4 /* Frameworks */ = {
			isa = PBXGroup;
			children = (
				0C0EDDADB3BF19B11518541B /* Pods_YWCycleViewDemo.framework */,
			);
			name = Frameworks;
			sourceTree = "<group>";
		};
/* End PBXGroup section */

/* Begin PBXNativeTarget section */
		7B7B7D251DC0DEC7001FD2C4 /* YWCycleViewDemo */ = {
			isa = PBXNativeTarget;
			buildConfigurationList = 7B7B7D4E1DC0DEC8001FD2C4 /* Build configuration list for PBXNativeTarget "YWCycleViewDemo" */;
			buildPhases = (
				3879BE60EA0B76D40B540517 /* [CP] Check Pods Manifest.lock */,
				7B7B7D221DC0DEC7001FD2C4 /* Sources */,
				7B7B7D231DC0DEC7001FD2C4 /* Frameworks */,
				7B7B7D241DC0DEC7001FD2C4 /* Resources */,
				06038EF40861987077A1D8F0 /* [CP] Embed Pods Frameworks */,
				DD2BA48D62213C31F3061DAC /* [CP] Copy Pods Resources */,
			);
			buildRules = (
			);
			dependencies = (
			);
			name = YWCycleViewDemo;
			productName = YWCycleViewDemo;
			productReference = 7B7B7D261DC0DEC7001FD2C4 /* YWCycleViewDemo.app */;
			productType = "com.apple.product-type.application";
		};
		7B7B7D391DC0DEC8001FD2C4 /* YWCycleViewDemoTests */ = {
			isa = PBXNativeTarget;
			buildConfigurationList = 7B7B7D511DC0DEC8001FD2C4 /* Build configuration list for PBXNativeTarget "YWCycleViewDemoTests" */;
			buildPhases = (
				7B7B7D361DC0DEC8001FD2C4 /* Sources */,
				7B7B7D371DC0DEC8001FD2C4 /* Frameworks */,
				7B7B7D381DC0DEC8001FD2C4 /* Resources */,
			);
			buildRules = (
			);
			dependencies = (
				7B7B7D3C1DC0DEC8001FD2C4 /* PBXTargetDependency */,
			);
			name = YWCycleViewDemoTests;
			productName = YWCycleViewDemoTests;
			productReference = 7B7B7D3A1DC0DEC8001FD2C4 /* YWCycleViewDemoTests.xctest */;
			productType = "com.apple.product-type.bundle.unit-test";
		};
		7B7B7D441DC0DEC8001FD2C4 /* YWCycleViewDemoUITests */ = {
			isa = PBXNativeTarget;
			buildConfigurationList = 7B7B7D541DC0DEC8001FD2C4 /* Build configuration list for PBXNativeTarget "YWCycleViewDemoUITests" */;
			buildPhases = (
				7B7B7D411DC0DEC8001FD2C4 /* Sources */,
				7B7B7D421DC0DEC8001FD2C4 /* Frameworks */,
				7B7B7D431DC0DEC8001FD2C4 /* Resources */,
			);
			buildRules = (
			);
			dependencies = (
				7B7B7D471DC0DEC8001FD2C4 /* PBXTargetDependency */,
			);
			name = YWCycleViewDemoUITests;
			productName = YWCycleViewDemoUITests;
			productReference = 7B7B7D451DC0DEC8001FD2C4 /* YWCycleViewDemoUITests.xctest */;
			productType = "com.apple.product-type.bundle.ui-testing";
		};
/* End PBXNativeTarget section */

/* Begin PBXProject section */
		7B7B7D1E1DC0DEC7001FD2C4 /* Project object */ = {
			isa = PBXProject;
			attributes = {
				LastSwiftUpdateCheck = 0800;
				LastUpgradeCheck = 0800;
				ORGANIZATIONNAME = "Guangxi City Network Technology Co.,Ltd";
				TargetAttributes = {
					7B7B7D251DC0DEC7001FD2C4 = {
						CreatedOnToolsVersion = 8.0;
						ProvisioningStyle = Automatic;
					};
					7B7B7D391DC0DEC8001FD2C4 = {
						CreatedOnToolsVersion = 8.0;
						ProvisioningStyle = Automatic;
						TestTargetID = 7B7B7D251DC0DEC7001FD2C4;
					};
					7B7B7D441DC0DEC8001FD2C4 = {
						CreatedOnToolsVersion = 8.0;
						ProvisioningStyle = Automatic;
						TestTargetID = 7B7B7D251DC0DEC7001FD2C4;
					};
				};
			};
			buildConfigurationList = 7B7B7D211DC0DEC7001FD2C4 /* Build configuration list for PBXProject "YWCycleViewDemo" */;
			compatibilityVersion = "Xcode 3.2";
			developmentRegion = English;
			hasScannedForEncodings = 0;
			knownRegions = (
				en,
				Base,
			);
			mainGroup = 7B7B7D1D1DC0DEC7001FD2C4;
			productRefGroup = 7B7B7D271DC0DEC7001FD2C4 /* Products */;
			projectDirPath = "";
			projectRoot = "";
			targets = (
				7B7B7D251DC0DEC7001FD2C4 /* YWCycleViewDemo */,
				7B7B7D391DC0DEC8001FD2C4 /* YWCycleViewDemoTests */,
				7B7B7D441DC0DEC8001FD2C4 /* YWCycleViewDemoUITests */,
			);
		};
/* End PBXProject section */

/* Begin PBXResourcesBuildPhase section */
		7B7B7D241DC0DEC7001FD2C4 /* Resources */ = {
			isa = PBXResourcesBuildPhase;
			buildActionMask = 2147483647;
			files = (
				7B7B7D341DC0DEC7001FD2C4 /* LaunchScreen.storyboard in Resources */,
				7B7B7D7B1DC104B2001FD2C4 /* YWCycleViewBundle.bundle in Resources */,
				7B7B7D311DC0DEC7001FD2C4 /* Assets.xcassets in Resources */,
				7B7B7D2F1DC0DEC7001FD2C4 /* Main.storyboard in Resources */,
			);
			runOnlyForDeploymentPostprocessing = 0;
		};
		7B7B7D381DC0DEC8001FD2C4 /* Resources */ = {
			isa = PBXResourcesBuildPhase;
			buildActionMask = 2147483647;
			files = (
			);
			runOnlyForDeploymentPostprocessing = 0;
		};
		7B7B7D431DC0DEC8001FD2C4 /* Resources */ = {
			isa = PBXResourcesBuildPhase;
			buildActionMask = 2147483647;
			files = (
			);
			runOnlyForDeploymentPostprocessing = 0;
		};
/* End PBXResourcesBuildPhase section */

/* Begin PBXShellScriptBuildPhase section */
		06038EF40861987077A1D8F0 /* [CP] Embed Pods Frameworks */ = {
			isa = PBXShellScriptBuildPhase;
			buildActionMask = 2147483647;
			files = (
			);
			inputPaths = (
			);
			name = "[CP] Embed Pods Frameworks";
			outputPaths = (
			);
			runOnlyForDeploymentPostprocessing = 0;
			shellPath = /bin/sh;
			shellScript = "\"${SRCROOT}/Pods/Target Support Files/Pods-YWCycleViewDemo/Pods-YWCycleViewDemo-frameworks.sh\"\n";
			showEnvVarsInLog = 0;
		};
		3879BE60EA0B76D40B540517 /* [CP] Check Pods Manifest.lock */ = {
			isa = PBXShellScriptBuildPhase;
			buildActionMask = 2147483647;
			files = (
			);
			inputPaths = (
			);
			name = "[CP] Check Pods Manifest.lock";
			outputPaths = (
			);
			runOnlyForDeploymentPostprocessing = 0;
			shellPath = /bin/sh;
			shellScript = "diff \"${PODS_ROOT}/../Podfile.lock\" \"${PODS_ROOT}/Manifest.lock\" > /dev/null\nif [ $? != 0 ] ; then\n    # print error to STDERR\n    echo \"error: The sandbox is not in sync with the Podfile.lock. Run 'pod install' or update your CocoaPods installation.\" >&2\n    exit 1\nfi\n";
			showEnvVarsInLog = 0;
		};
		DD2BA48D62213C31F3061DAC /* [CP] Copy Pods Resources */ = {
			isa = PBXShellScriptBuildPhase;
			buildActionMask = 2147483647;
			files = (
			);
			inputPaths = (
			);
			name = "[CP] Copy Pods Resources";
			outputPaths = (
			);
			runOnlyForDeploymentPostprocessing = 0;
			shellPath = /bin/sh;
			shellScript = "\"${SRCROOT}/Pods/Target Support Files/Pods-YWCycleViewDemo/Pods-YWCycleViewDemo-resources.sh\"\n";
			showEnvVarsInLog = 0;
		};
/* End PBXShellScriptBuildPhase section */

/* Begin PBXSourcesBuildPhase section */
		7B7B7D221DC0DEC7001FD2C4 /* Sources */ = {
			isa = PBXSourcesBuildPhase;
			buildActionMask = 2147483647;
			files = (
				7B7B7D5B1DC0DEE4001FD2C4 /* YWCycleModel.swift in Sources */,
				7B7B7D2C1DC0DEC7001FD2C4 /* ViewController.swift in Sources */,
				7B7B7D2A1DC0DEC7001FD2C4 /* AppDelegate.swift in Sources */,
				7B7B7D5D1DC0DEE4001FD2C4 /* YWCycleViewCell.swift in Sources */,
				7B7B7D5C1DC0DEE4001FD2C4 /* YWCycleView.swift in Sources */,
			);
			runOnlyForDeploymentPostprocessing = 0;
		};
		7B7B7D361DC0DEC8001FD2C4 /* Sources */ = {
			isa = PBXSourcesBuildPhase;
			buildActionMask = 2147483647;
			files = (
				7B7B7D3F1DC0DEC8001FD2C4 /* YWCycleViewDemoTests.swift in Sources */,
			);
			runOnlyForDeploymentPostprocessing = 0;
		};
		7B7B7D411DC0DEC8001FD2C4 /* Sources */ = {
			isa = PBXSourcesBuildPhase;
			buildActionMask = 2147483647;
			files = (
				7B7B7D4A1DC0DEC8001FD2C4 /* YWCycleViewDemoUITests.swift in Sources */,
			);
			runOnlyForDeploymentPostprocessing = 0;
		};
/* End PBXSourcesBuildPhase section */

/* Begin PBXTargetDependency section */
		7B7B7D3C1DC0DEC8001FD2C4 /* PBXTargetDependency */ = {
			isa = PBXTargetDependency;
			target = 7B7B7D251DC0DEC7001FD2C4 /* YWCycleViewDemo */;
			targetProxy = 7B7B7D3B1DC0DEC8001FD2C4 /* PBXContainerItemProxy */;
		};
		7B7B7D471DC0DEC8001FD2C4 /* PBXTargetDependency */ = {
			isa = PBXTargetDependency;
			target = 7B7B7D251DC0DEC7001FD2C4 /* YWCycleViewDemo */;
			targetProxy = 7B7B7D461DC0DEC8001FD2C4 /* PBXContainerItemProxy */;
		};
/* End PBXTargetDependency section */

/* Begin PBXVariantGroup section */
		7B7B7D2D1DC0DEC7001FD2C4 /* Main.storyboard */ = {
			isa = PBXVariantGroup;
			children = (
				7B7B7D2E1DC0DEC7001FD2C4 /* Base */,
			);
			name = Main.storyboard;
			sourceTree = "<group>";
		};
		7B7B7D321DC0DEC7001FD2C4 /* LaunchScreen.storyboard */ = {
			isa = PBXVariantGroup;
			children = (
				7B7B7D331DC0DEC7001FD2C4 /* Base */,
			);
			name = LaunchScreen.storyboard;
			sourceTree = "<group>";
		};
/* End PBXVariantGroup section */

/* Begin XCBuildConfiguration section */
		7B7B7D4C1DC0DEC8001FD2C4 /* Debug */ = {
			isa = XCBuildConfiguration;
			buildSettings = {
				ALWAYS_SEARCH_USER_PATHS = NO;
				CLANG_ANALYZER_NONNULL = YES;
				CLANG_CXX_LANGUAGE_STANDARD = "gnu++0x";
				CLANG_CXX_LIBRARY = "libc++";
				CLANG_ENABLE_MODULES = YES;
				CLANG_ENABLE_OBJC_ARC = YES;
				CLANG_WARN_BOOL_CONVERSION = YES;
				CLANG_WARN_CONSTANT_CONVERSION = YES;
				CLANG_WARN_DIRECT_OBJC_ISA_USAGE = YES_ERROR;
				CLANG_WARN_DOCUMENTATION_COMMENTS = YES;
				CLANG_WARN_EMPTY_BODY = YES;
				CLANG_WARN_ENUM_CONVERSION = YES;
				CLANG_WARN_INFINITE_RECURSION = YES;
				CLANG_WARN_INT_CONVERSION = YES;
				CLANG_WARN_OBJC_ROOT_CLASS = YES_ERROR;
				CLANG_WARN_SUSPICIOUS_MOVES = YES;
				CLANG_WARN_UNREACHABLE_CODE = YES;
				CLANG_WARN__DUPLICATE_METHOD_MATCH = YES;
				"CODE_SIGN_IDENTITY[sdk=iphoneos*]" = "iPhone Developer";
				COPY_PHASE_STRIP = NO;
				DEBUG_INFORMATION_FORMAT = dwarf;
				ENABLE_STRICT_OBJC_MSGSEND = YES;
				ENABLE_TESTABILITY = YES;
				GCC_C_LANGUAGE_STANDARD = gnu99;
				GCC_DYNAMIC_NO_PIC = NO;
				GCC_NO_COMMON_BLOCKS = YES;
				GCC_OPTIMIZATION_LEVEL = 0;
				GCC_PREPROCESSOR_DEFINITIONS = (
					"DEBUG=1",
					"$(inherited)",
				);
				GCC_WARN_64_TO_32_BIT_CONVERSION = YES;
				GCC_WARN_ABOUT_RETURN_TYPE = YES_ERROR;
				GCC_WARN_UNDECLARED_SELECTOR = YES;
				GCC_WARN_UNINITIALIZED_AUTOS = YES_AGGRESSIVE;
				GCC_WARN_UNUSED_FUNCTION = YES;
				GCC_WARN_UNUSED_VARIABLE = YES;
				IPHONEOS_DEPLOYMENT_TARGET = 10.0;
				MTL_ENABLE_DEBUG_INFO = YES;
				ONLY_ACTIVE_ARCH = YES;
				SDKROOT = iphoneos;
				SWIFT_ACTIVE_COMPILATION_CONDITIONS = DEBUG;
				SWIFT_OPTIMIZATION_LEVEL = "-Onone";
			};
			name = Debug;
		};
		7B7B7D4D1DC0DEC8001FD2C4 /* Release */ = {
			isa = XCBuildConfiguration;
			buildSettings = {
				ALWAYS_SEARCH_USER_PATHS = NO;
				CLANG_ANALYZER_NONNULL = YES;
				CLANG_CXX_LANGUAGE_STANDARD = "gnu++0x";
				CLANG_CXX_LIBRARY = "libc++";
				CLANG_ENABLE_MODULES = YES;
				CLANG_ENABLE_OBJC_ARC = YES;
				CLANG_WARN_BOOL_CONVERSION = YES;
				CLANG_WARN_CONSTANT_CONVERSION = YES;
				CLANG_WARN_DIRECT_OBJC_ISA_USAGE = YES_ERROR;
				CLANG_WARN_DOCUMENTATION_COMMENTS = YES;
				CLANG_WARN_EMPTY_BODY = YES;
				CLANG_WARN_ENUM_CONVERSION = YES;
				CLANG_WARN_INFINITE_RECURSION = YES;
				CLANG_WARN_INT_CONVERSION = YES;
				CLANG_WARN_OBJC_ROOT_CLASS = YES_ERROR;
				CLANG_WARN_SUSPICIOUS_MOVES = YES;
				CLANG_WARN_UNREACHABLE_CODE = YES;
				CLANG_WARN__DUPLICATE_METHOD_MATCH = YES;
				"CODE_SIGN_IDENTITY[sdk=iphoneos*]" = "iPhone Developer";
				COPY_PHASE_STRIP = NO;
				DEBUG_INFORMATION_FORMAT = "dwarf-with-dsym";
				ENABLE_NS_ASSERTIONS = NO;
				ENABLE_STRICT_OBJC_MSGSEND = YES;
				GCC_C_LANGUAGE_STANDARD = gnu99;
				GCC_NO_COMMON_BLOCKS = YES;
				GCC_WARN_64_TO_32_BIT_CONVERSION = YES;
				GCC_WARN_ABOUT_RETURN_TYPE = YES_ERROR;
				GCC_WARN_UNDECLARED_SELECTOR = YES;
				GCC_WARN_UNINITIALIZED_AUTOS = YES_AGGRESSIVE;
				GCC_WARN_UNUSED_FUNCTION = YES;
				GCC_WARN_UNUSED_VARIABLE = YES;
				IPHONEOS_DEPLOYMENT_TARGET = 10.0;
				MTL_ENABLE_DEBUG_INFO = NO;
				SDKROOT = iphoneos;
				SWIFT_OPTIMIZATION_LEVEL = "-Owholemodule";
				VALIDATE_PRODUCT = YES;
			};
			name = Release;
		};
		7B7B7D4F1DC0DEC8001FD2C4 /* Debug */ = {
			isa = XCBuildConfiguration;
			baseConfigurationReference = DB6FE1D5201BB64C4791FE97 /* Pods-YWCycleViewDemo.debug.xcconfig */;
			buildSettings = {
				ASSETCATALOG_COMPILER_APPICON_NAME = AppIcon;
				INFOPLIST_FILE = YWCycleViewDemo/Info.plist;
				LD_RUNPATH_SEARCH_PATHS = "$(inherited) @executable_path/Frameworks";
				PRODUCT_BUNDLE_IDENTIFIER = com.guangxitongchengtech.dev.YWCycleViewDemo;
				PRODUCT_NAME = "$(TARGET_NAME)";
				SWIFT_VERSION = 3.0;
			};
			name = Debug;
		};
		7B7B7D501DC0DEC8001FD2C4 /* Release */ = {
			isa = XCBuildConfiguration;
			baseConfigurationReference = 795D396EC0A079A740E9D9F0 /* Pods-YWCycleViewDemo.release.xcconfig */;
			buildSettings = {
				ASSETCATALOG_COMPILER_APPICON_NAME = AppIcon;
				INFOPLIST_FILE = YWCycleViewDemo/Info.plist;
				LD_RUNPATH_SEARCH_PATHS = "$(inherited) @executable_path/Frameworks";
				PRODUCT_BUNDLE_IDENTIFIER = com.guangxitongchengtech.dev.YWCycleViewDemo;
				PRODUCT_NAME = "$(TARGET_NAME)";
				SWIFT_VERSION = 3.0;
			};
			name = Release;
		};
		7B7B7D521DC0DEC8001FD2C4 /* Debug */ = {
			isa = XCBuildConfiguration;
			buildSettings = {
				ALWAYS_EMBED_SWIFT_STANDARD_LIBRARIES = YES;
				BUNDLE_LOADER = "$(TEST_HOST)";
				INFOPLIST_FILE = YWCycleViewDemoTests/Info.plist;
				LD_RUNPATH_SEARCH_PATHS = "$(inherited) @executable_path/Frameworks @loader_path/Frameworks";
				PRODUCT_BUNDLE_IDENTIFIER = com.guangxitongchengtech.dev.YWCycleViewDemoTests;
				PRODUCT_NAME = "$(TARGET_NAME)";
				SWIFT_VERSION = 3.0;
				TEST_HOST = "$(BUILT_PRODUCTS_DIR)/YWCycleViewDemo.app/YWCycleViewDemo";
			};
			name = Debug;
		};
		7B7B7D531DC0DEC8001FD2C4 /* Release */ = {
			isa = XCBuildConfiguration;
			buildSettings = {
				ALWAYS_EMBED_SWIFT_STANDARD_LIBRARIES = YES;
				BUNDLE_LOADER = "$(TEST_HOST)";
				INFOPLIST_FILE = YWCycleViewDemoTests/Info.plist;
				LD_RUNPATH_SEARCH_PATHS = "$(inherited) @executable_path/Frameworks @loader_path/Frameworks";
				PRODUCT_BUNDLE_IDENTIFIER = com.guangxitongchengtech.dev.YWCycleViewDemoTests;
				PRODUCT_NAME = "$(TARGET_NAME)";
				SWIFT_VERSION = 3.0;
				TEST_HOST = "$(BUILT_PRODUCTS_DIR)/YWCycleViewDemo.app/YWCycleViewDemo";
			};
			name = Release;
		};
		7B7B7D551DC0DEC8001FD2C4 /* Debug */ = {
			isa = XCBuildConfiguration;
			buildSettings = {
				ALWAYS_EMBED_SWIFT_STANDARD_LIBRARIES = YES;
				INFOPLIST_FILE = YWCycleViewDemoUITests/Info.plist;
				LD_RUNPATH_SEARCH_PATHS = "$(inherited) @executable_path/Frameworks @loader_path/Frameworks";
				PRODUCT_BUNDLE_IDENTIFIER = com.guangxitongchengtech.dev.YWCycleViewDemoUITests;
				PRODUCT_NAME = "$(TARGET_NAME)";
				SWIFT_VERSION = 3.0;
				TEST_TARGET_NAME = YWCycleViewDemo;
			};
			name = Debug;
		};
		7B7B7D561DC0DEC8001FD2C4 /* Release */ = {
			isa = XCBuildConfiguration;
			buildSettings = {
				ALWAYS_EMBED_SWIFT_STANDARD_LIBRARIES = YES;
				INFOPLIST_FILE = YWCycleViewDemoUITests/Info.plist;
				LD_RUNPATH_SEARCH_PATHS = "$(inherited) @executable_path/Frameworks @loader_path/Frameworks";
				PRODUCT_BUNDLE_IDENTIFIER = com.guangxitongchengtech.dev.YWCycleViewDemoUITests;
				PRODUCT_NAME = "$(TARGET_NAME)";
				SWIFT_VERSION = 3.0;
				TEST_TARGET_NAME = YWCycleViewDemo;
			};
			name = Release;
		};
/* End XCBuildConfiguration section */

/* Begin XCConfigurationList section */
		7B7B7D211DC0DEC7001FD2C4 /* Build configuration list for PBXProject "YWCycleViewDemo" */ = {
			isa = XCConfigurationList;
			buildConfigurations = (
				7B7B7D4C1DC0DEC8001FD2C4 /* Debug */,
				7B7B7D4D1DC0DEC8001FD2C4 /* Release */,
			);
			defaultConfigurationIsVisible = 0;
			defaultConfigurationName = Release;
		};
		7B7B7D4E1DC0DEC8001FD2C4 /* Build configuration list for PBXNativeTarget "YWCycleViewDemo" */ = {
			isa = XCConfigurationList;
			buildConfigurations = (
				7B7B7D4F1DC0DEC8001FD2C4 /* Debug */,
				7B7B7D501DC0DEC8001FD2C4 /* Release */,
			);
			defaultConfigurationIsVisible = 0;
			defaultConfigurationName = Release;
		};
		7B7B7D511DC0DEC8001FD2C4 /* Build configuration list for PBXNativeTarget "YWCycleViewDemoTests" */ = {
			isa = XCConfigurationList;
			buildConfigurations = (
				7B7B7D521DC0DEC8001FD2C4 /* Debug */,
				7B7B7D531DC0DEC8001FD2C4 /* Release */,
			);
			defaultConfigurationIsVisible = 0;
			defaultConfigurationName = Release;
		};
		7B7B7D541DC0DEC8001FD2C4 /* Build configuration list for PBXNativeTarget "YWCycleViewDemoUITests" */ = {
			isa = XCConfigurationList;
			buildConfigurations = (
				7B7B7D551DC0DEC8001FD2C4 /* Debug */,
				7B7B7D561DC0DEC8001FD2C4 /* Release */,
			);
			defaultConfigurationIsVisible = 0;
			defaultConfigurationName = Release;
		};
/* End XCConfigurationList section */
	};
	rootObject = 7B7B7D1E1DC0DEC7001FD2C4 /* Project object */;
}
